// !$*UTF8*$!
{
	archiveVersion = 1;
	classes = {
	};
	objectVersion = 46;
	objects = {

/* Begin PBXBuildFile section */
		B5161A251E24FDA9005DED85 /* AppDelegate.swift in Sources */ = {isa = PBXBuildFile; fileRef = B5161A241E24FDA9005DED85 /* AppDelegate.swift */; };
		B5161A271E24FDA9005DED85 /* ViewController.swift in Sources */ = {isa = PBXBuildFile; fileRef = B5161A261E24FDA9005DED85 /* ViewController.swift */; };
		B5161A2A1E24FDA9005DED85 /* Main.storyboard in Resources */ = {isa = PBXBuildFile; fileRef = B5161A281E24FDA9005DED85 /* Main.storyboard */; };
		B5161A2C1E24FDA9005DED85 /* Assets.xcassets in Resources */ = {isa = PBXBuildFile; fileRef = B5161A2B1E24FDA9005DED85 /* Assets.xcassets */; };
		B5161A2F1E24FDA9005DED85 /* LaunchScreen.storyboard in Resources */ = {isa = PBXBuildFile; fileRef = B5161A2D1E24FDA9005DED85 /* LaunchScreen.storyboard */; };
		B5161A5F1E2E352B005DED85 /* Bach.jpg in Resources */ = {isa = PBXBuildFile; fileRef = B5161A581E2E352B005DED85 /* Bach.jpg */; };
		B5161A601E2E352B005DED85 /* Beethoven.jpg in Resources */ = {isa = PBXBuildFile; fileRef = B5161A591E2E352B005DED85 /* Beethoven.jpg */; };
		B5161A611E2E352B005DED85 /* Pachelbel.jpg in Resources */ = {isa = PBXBuildFile; fileRef = B5161A5A1E2E352B005DED85 /* Pachelbel.jpg */; };
		B5161A621E2E352B005DED85 /* aria.mp3 in Resources */ = {isa = PBXBuildFile; fileRef = B5161A5C1E2E352B005DED85 /* aria.mp3 */; };
		B5161A631E2E352B005DED85 /* cannon.mp3 in Resources */ = {isa = PBXBuildFile; fileRef = B5161A5D1E2E352B005DED85 /* cannon.mp3 */; };
		B5161A641E2E352B005DED85 /* elise.mp3 in Resources */ = {isa = PBXBuildFile; fileRef = B5161A5E1E2E352B005DED85 /* elise.mp3 */; };
		B5613ABA1E376844002D2E10 /* stop.png in Resources */ = {isa = PBXBuildFile; fileRef = B5613AB91E376844002D2E10 /* stop.png */; };
		B5613ABC1E37FC27002D2E10 /* susumu.png in Resources */ = {isa = PBXBuildFile; fileRef = B5613ABB1E37FC27002D2E10 /* susumu.png */; };
		B5613ABE1E37FCE2002D2E10 /* modoru.png in Resources */ = {isa = PBXBuildFile; fileRef = B5613ABD1E37FCE2002D2E10 /* modoru.png */; };
		B5F180101E409D3900A2DE75 /* no-translate-detected_318-40670.jpg in Resources */ = {isa = PBXBuildFile; fileRef = B5F1800F1E409D3900A2DE75 /* no-translate-detected_318-40670.jpg */; };
		B5F180121E40A3DD00A2DE75 /* Saisei-20.png in Resources */ = {isa = PBXBuildFile; fileRef = B5F180111E40A3DD00A2DE75 /* Saisei-20.png */; };
		B5F180141E40A4BA00A2DE75 /* Stop-20.png in Resources */ = {isa = PBXBuildFile; fileRef = B5F180131E40A4BA00A2DE75 /* Stop-20.png */; };
		B5F180161E4377E300A2DE75 /* headphone.png in Resources */ = {isa = PBXBuildFile; fileRef = B5F180151E4377E300A2DE75 /* headphone.png */; };
		B5F180181E49E76000A2DE75 /* StartViewController.swift in Sources */ = {isa = PBXBuildFile; fileRef = B5F180171E49E75F00A2DE75 /* StartViewController.swift */; };
/* End PBXBuildFile section */

/* Begin PBXFileReference section */
		B5161A211E24FDA9005DED85 /* TechPod.app */ = {isa = PBXFileReference; explicitFileType = wrapper.application; includeInIndex = 0; path = TechPod.app; sourceTree = BUILT_PRODUCTS_DIR; };
		B5161A241E24FDA9005DED85 /* AppDelegate.swift */ = {isa = PBXFileReference; lastKnownFileType = sourcecode.swift; path = AppDelegate.swift; sourceTree = "<group>"; };
		B5161A261E24FDA9005DED85 /* ViewController.swift */ = {isa = PBXFileReference; lastKnownFileType = sourcecode.swift; path = ViewController.swift; sourceTree = "<group>"; };
		B5161A291E24FDA9005DED85 /* Base */ = {isa = PBXFileReference; lastKnownFileType = file.storyboard; name = Base; path = Base.lproj/Main.storyboard; sourceTree = "<group>"; };
		B5161A2B1E24FDA9005DED85 /* Assets.xcassets */ = {isa = PBXFileReference; lastKnownFileType = folder.assetcatalog; path = Assets.xcassets; sourceTree = "<group>"; };
		B5161A2E1E24FDA9005DED85 /* Base */ = {isa = PBXFileReference; lastKnownFileType = file.storyboard; name = Base; path = Base.lproj/LaunchScreen.storyboard; sourceTree = "<group>"; };
		B5161A301E24FDA9005DED85 /* Info.plist */ = {isa = PBXFileReference; lastKnownFileType = text.plist.xml; path = Info.plist; sourceTree = "<group>"; };
		B5161A581E2E352B005DED85 /* Bach.jpg */ = {isa = PBXFileReference; lastKnownFileType = image.jpeg; path = Bach.jpg; sourceTree = "<group>"; };
		B5161A591E2E352B005DED85 /* Beethoven.jpg */ = {isa = PBXFileReference; lastKnownFileType = image.jpeg; path = Beethoven.jpg; sourceTree = "<group>"; };
		B5161A5A1E2E352B005DED85 /* Pachelbel.jpg */ = {isa = PBXFileReference; lastKnownFileType = image.jpeg; path = Pachelbel.jpg; sourceTree = "<group>"; };
		B5161A5C1E2E352B005DED85 /* aria.mp3 */ = {isa = PBXFileReference; lastKnownFileType = audio.mp3; path = aria.mp3; sourceTree = "<group>"; };
		B5161A5D1E2E352B005DED85 /* cannon.mp3 */ = {isa = PBXFileReference; lastKnownFileType = audio.mp3; path = cannon.mp3; sourceTree = "<group>"; };
		B5161A5E1E2E352B005DED85 /* elise.mp3 */ = {isa = PBXFileReference; lastKnownFileType = audio.mp3; path = elise.mp3; sourceTree = "<group>"; };
		B5613AB91E376844002D2E10 /* stop.png */ = {isa = PBXFileReference; lastKnownFileType = image.png; path = stop.png; sourceTree = "<group>"; };
		B5613ABB1E37FC27002D2E10 /* susumu.png */ = {isa = PBXFileReference; lastKnownFileType = image.png; path = susumu.png; sourceTree = "<group>"; };
		B5613ABD1E37FCE2002D2E10 /* modoru.png */ = {isa = PBXFileReference; lastKnownFileType = image.png; path = modoru.png; sourceTree = "<group>"; };
		B5F1800F1E409D3900A2DE75 /* no-translate-detected_318-40670.jpg */ = {isa = PBXFileReference; lastKnownFileType = image.jpeg; path = "no-translate-detected_318-40670.jpg"; sourceTree = "<group>"; };
		B5F180111E40A3DD00A2DE75 /* Saisei-20.png */ = {isa = PBXFileReference; lastKnownFileType = image.png; path = "Saisei-20.png"; sourceTree = "<group>"; };
		B5F180131E40A4BA00A2DE75 /* Stop-20.png */ = {isa = PBXFileReference; lastKnownFileType = image.png; path = "Stop-20.png"; sourceTree = "<group>"; };
		B5F180151E4377E300A2DE75 /* headphone.png */ = {isa = PBXFileReference; lastKnownFileType = image.png; path = headphone.png; sourceTree = "<group>"; };
		B5F180171E49E75F00A2DE75 /* StartViewController.swift */ = {isa = PBXFileReference; fileEncoding = 4; lastKnownFileType = sourcecode.swift; path = StartViewController.swift; sourceTree = "<group>"; };
/* End PBXFileReference section */

/* Begin PBXFrameworksBuildPhase section */
		B5161A1E1E24FDA9005DED85 /* Frameworks */ = {
			isa = PBXFrameworksBuildPhase;
			buildActionMask = 2147483647;
			files = (
			);
			runOnlyForDeploymentPostprocessing = 0;
		};
/* End PBXFrameworksBuildPhase section */

/* Begin PBXGroup section */
		B5161A181E24FDA9005DED85 = {
			isa = PBXGroup;
			children = (
				B5161A231E24FDA9005DED85 /* TechPod */,
				B5161A221E24FDA9005DED85 /* Products */,
			);
			sourceTree = "<group>";
		};
		B5161A221E24FDA9005DED85 /* Products */ = {
			isa = PBXGroup;
			children = (
				B5161A211E24FDA9005DED85 /* TechPod.app */,
			);
			name = Products;
			sourceTree = "<group>";
		};
		B5161A231E24FDA9005DED85 /* TechPod */ = {
			isa = PBXGroup;
			children = (
				B5161A561E2E352B005DED85 /* Resources */,
				B5161A241E24FDA9005DED85 /* AppDelegate.swift */,
				B5161A261E24FDA9005DED85 /* ViewController.swift */,
				B5F180171E49E75F00A2DE75 /* StartViewController.swift */,
				B5613ABB1E37FC27002D2E10 /* susumu.png */,
				B5F1800F1E409D3900A2DE75 /* no-translate-detected_318-40670.jpg */,
				B5613ABD1E37FCE2002D2E10 /* modoru.png */,
				B5F180131E40A4BA00A2DE75 /* Stop-20.png */,
				B5F180151E4377E300A2DE75 /* headphone.png */,
				B5F180111E40A3DD00A2DE75 /* Saisei-20.png */,
				B5613AB91E376844002D2E10 /* stop.png */,
				B5161A281E24FDA9005DED85 /* Main.storyboard */,
				B5161A2B1E24FDA9005DED85 /* Assets.xcassets */,
				B5161A2D1E24FDA9005DED85 /* LaunchScreen.storyboard */,
				B5161A301E24FDA9005DED85 /* Info.plist */,
			);
			path = TechPod;
			sourceTree = "<group>";
		};
		B5161A561E2E352B005DED85 /* Resources */ = {
			isa = PBXGroup;
			children = (
				B5161A571E2E352B005DED85 /* Images */,
				B5161A5B1E2E352B005DED85 /* Songs */,
			);
			path = Resources;
			sourceTree = "<group>";
		};
		B5161A571E2E352B005DED85 /* Images */ = {
			isa = PBXGroup;
			children = (
				B5161A581E2E352B005DED85 /* Bach.jpg */,
				B5161A591E2E352B005DED85 /* Beethoven.jpg */,
				B5161A5A1E2E352B005DED85 /* Pachelbel.jpg */,
			);
			path = Images;
			sourceTree = "<group>";
		};
		B5161A5B1E2E352B005DED85 /* Songs */ = {
			isa = PBXGroup;
			children = (
				B5161A5C1E2E352B005DED85 /* aria.mp3 */,
				B5161A5D1E2E352B005DED85 /* cannon.mp3 */,
				B5161A5E1E2E352B005DED85 /* elise.mp3 */,
			);
			path = Songs;
			sourceTree = "<group>";
		};
/* End PBXGroup section */

/* Begin PBXNativeTarget section */
		B5161A201E24FDA9005DED85 /* TechPod */ = {
			isa = PBXNativeTarget;
			buildConfigurationList = B5161A331E24FDA9005DED85 /* Build configuration list for PBXNativeTarget "TechPod" */;
			buildPhases = (
				B5161A1D1E24FDA9005DED85 /* Sources */,
				B5161A1E1E24FDA9005DED85 /* Frameworks */,
				B5161A1F1E24FDA9005DED85 /* Resources */,
			);
			buildRules = (
			);
			dependencies = (
			);
			name = TechPod;
			productName = TechPod;
			productReference = B5161A211E24FDA9005DED85 /* TechPod.app */;
			productType = "com.apple.product-type.application";
		};
/* End PBXNativeTarget section */

/* Begin PBXProject section */
		B5161A191E24FDA9005DED85 /* Project object */ = {
			isa = PBXProject;
			attributes = {
				LastSwiftUpdateCheck = 0820;
				LastUpgradeCheck = 0820;
				ORGANIZATIONNAME = "戸苅未紗子";
				TargetAttributes = {
					B5161A201E24FDA9005DED85 = {
						CreatedOnToolsVersion = 8.2;
						DevelopmentTeam = T5B638TRM6;
						ProvisioningStyle = Automatic;
						SystemCapabilities = {
							com.apple.BackgroundModes = {
								enabled = 1;
							};
						};
					};
				};
			};
			buildConfigurationList = B5161A1C1E24FDA9005DED85 /* Build configuration list for PBXProject "TechPod" */;
			compatibilityVersion = "Xcode 3.2";
			developmentRegion = English;
			hasScannedForEncodings = 0;
			knownRegions = (
				en,
				Base,
			);
			mainGroup = B5161A181E24FDA9005DED85;
			productRefGroup = B5161A221E24FDA9005DED85 /* Products */;
			projectDirPath = "";
			projectRoot = "";
			targets = (
				B5161A201E24FDA9005DED85 /* TechPod */,
			);
		};
/* End PBXProject section */

/* Begin PBXResourcesBuildPhase section */
		B5161A1F1E24FDA9005DED85 /* Resources */ = {
			isa = PBXResourcesBuildPhase;
			buildActionMask = 2147483647;
			files = (
				B5161A611E2E352B005DED85 /* Pachelbel.jpg in Resources */,
				B5F180121E40A3DD00A2DE75 /* Saisei-20.png in Resources */,
				B5613ABC1E37FC27002D2E10 /* susumu.png in Resources */,
				B5F180101E409D3900A2DE75 /* no-translate-detected_318-40670.jpg in Resources */,
				B5613ABA1E376844002D2E10 /* stop.png in Resources */,
				B5161A601E2E352B005DED85 /* Beethoven.jpg in Resources */,
				B5161A2F1E24FDA9005DED85 /* LaunchScreen.storyboard in Resources */,
				B5161A5F1E2E352B005DED85 /* Bach.jpg in Resources */,
				B5F180141E40A4BA00A2DE75 /* Stop-20.png in Resources */,
				B5161A2C1E24FDA9005DED85 /* Assets.xcassets in Resources */,
				B5161A641E2E352B005DED85 /* elise.mp3 in Resources */,
				B5161A631E2E352B005DED85 /* cannon.mp3 in Resources */,
				B5F180161E4377E300A2DE75 /* headphone.png in Resources */,
				B5161A2A1E24FDA9005DED85 /* Main.storyboard in Resources */,
				B5161A621E2E352B005DED85 /* aria.mp3 in Resources */,
				B5613ABE1E37FCE2002D2E10 /* modoru.png in Resources */,
			);
			runOnlyForDeploymentPostprocessing = 0;
		};
/* End PBXResourcesBuildPhase section */

/* Begin PBXSourcesBuildPhase section */
		B5161A1D1E24FDA9005DED85 /* Sources */ = {
			isa = PBXSourcesBuildPhase;
			buildActionMask = 2147483647;
			files = (
				B5161A271E24FDA9005DED85 /* ViewController.swift in Sources */,
				B5161A251E24FDA9005DED85 /* AppDelegate.swift in Sources */,
				B5F180181E49E76000A2DE75 /* StartViewController.swift in Sources */,
			);
			runOnlyForDeploymentPostprocessing = 0;
		};
/* End PBXSourcesBuildPhase section */

/* Begin PBXVariantGroup section */
		B5161A281E24FDA9005DED85 /* Main.storyboard */ = {
			isa = PBXVariantGroup;
			children = (
				B5161A291E24FDA9005DED85 /* Base */,
			);
			name = Main.storyboard;
			sourceTree = "<group>";
		};
		B5161A2D1E24FDA9005DED85 /* LaunchScreen.storyboard */ = {
			isa = PBXVariantGroup;
			children = (
				B5161A2E1E24FDA9005DED85 /* Base */,
			);
			name = LaunchScreen.storyboard;
			sourceTree = "<group>";
		};
/* End PBXVariantGroup section */

/* Begin XCBuildConfiguration section */
		B5161A311E24FDA9005DED85 /* Debug */ = {
			isa = XCBuildConfiguration;
			buildSettings = {
				ALWAYS_SEARCH_USER_PATHS = NO;
				CLANG_ANALYZER_NONNULL = YES;
				CLANG_CXX_LANGUAGE_STANDARD = "gnu++0x";
				CLANG_CXX_LIBRARY = "libc++";
				CLANG_ENABLE_MODULES = YES;
				CLANG_ENABLE_OBJC_ARC = YES;
				CLANG_WARN_BOOL_CONVERSION = YES;
				CLANG_WARN_CONSTANT_CONVERSION = YES;
				CLANG_WARN_DIRECT_OBJC_ISA_USAGE = YES_ERROR;
				CLANG_WARN_DOCUMENTATION_COMMENTS = YES;
				CLANG_WARN_EMPTY_BODY = YES;
				CLANG_WARN_ENUM_CONVERSION = YES;
				CLANG_WARN_INFINITE_RECURSION = YES;
				CLANG_WARN_INT_CONVERSION = YES;
				CLANG_WARN_OBJC_ROOT_CLASS = YES_ERROR;
				CLANG_WARN_SUSPICIOUS_MOVE = YES;
				CLANG_WARN_UNREACHABLE_CODE = YES;
				CLANG_WARN__DUPLICATE_METHOD_MATCH = YES;
				"CODE_SIGN_IDENTITY[sdk=iphoneos*]" = "iPhone Developer";
				COPY_PHASE_STRIP = NO;
				DEBUG_INFORMATION_FORMAT = dwarf;
				ENABLE_STRICT_OBJC_MSGSEND = YES;
				ENABLE_TESTABILITY = YES;
				GCC_C_LANGUAGE_STANDARD = gnu99;
				GCC_DYNAMIC_NO_PIC = NO;
				GCC_NO_COMMON_BLOCKS = YES;
				GCC_OPTIMIZATION_LEVEL = 0;
				GCC_PREPROCESSOR_DEFINITIONS = (
					"DEBUG=1",
					"$(inherited)",
				);
				GCC_WARN_64_TO_32_BIT_CONVERSION = YES;
				GCC_WARN_ABOUT_RETURN_TYPE = YES_ERROR;
				GCC_WARN_UNDECLARED_SELECTOR = YES;
				GCC_WARN_UNINITIALIZED_AUTOS = YES_AGGRESSIVE;
				GCC_WARN_UNUSED_FUNCTION = YES;
				GCC_WARN_UNUSED_VARIABLE = YES;
				IPHONEOS_DEPLOYMENT_TARGET = 10.2;
				MTL_ENABLE_DEBUG_INFO = YES;
				ONLY_ACTIVE_ARCH = YES;
				SDKROOT = iphoneos;
				SWIFT_ACTIVE_COMPILATION_CONDITIONS = DEBUG;
				SWIFT_OPTIMIZATION_LEVEL = "-Onone";
			};
			name = Debug;
		};
		B5161A321E24FDA9005DED85 /* Release */ = {
			isa = XCBuildConfiguration;
			buildSettings = {
				ALWAYS_SEARCH_USER_PATHS = NO;
				CLANG_ANALYZER_NONNULL = YES;
				CLANG_CXX_LANGUAGE_STANDARD = "gnu++0x";
				CLANG_CXX_LIBRARY = "libc++";
				CLANG_ENABLE_MODULES = YES;
				CLANG_ENABLE_OBJC_ARC = YES;
				CLANG_WARN_BOOL_CONVERSION = YES;
				CLANG_WARN_CONSTANT_CONVERSION = YES;
				CLANG_WARN_DIRECT_OBJC_ISA_USAGE = YES_ERROR;
				CLANG_WARN_DOCUMENTATION_COMMENTS = YES;
				CLANG_WARN_EMPTY_BODY = YES;
				CLANG_WARN_ENUM_CONVERSION = YES;
				CLANG_WARN_INFINITE_RECURSION = YES;
				CLANG_WARN_INT_CONVERSION = YES;
				CLANG_WARN_OBJC_ROOT_CLASS = YES_ERROR;
				CLANG_WARN_SUSPICIOUS_MOVE = YES;
				CLANG_WARN_UNREACHABLE_CODE = YES;
				CLANG_WARN__DUPLICATE_METHOD_MATCH = YES;
				"CODE_SIGN_IDENTITY[sdk=iphoneos*]" = "iPhone Developer";
				COPY_PHASE_STRIP = NO;
				DEBUG_INFORMATION_FORMAT = "dwarf-with-dsym";
				ENABLE_NS_ASSERTIONS = NO;
				ENABLE_STRICT_OBJC_MSGSEND = YES;
				GCC_C_LANGUAGE_STANDARD = gnu99;
				GCC_NO_COMMON_BLOCKS = YES;
				GCC_WARN_64_TO_32_BIT_CONVERSION = YES;
				GCC_WARN_ABOUT_RETURN_TYPE = YES_ERROR;
				GCC_WARN_UNDECLARED_SELECTOR = YES;
				GCC_WARN_UNINITIALIZED_AUTOS = YES_AGGRESSIVE;
				GCC_WARN_UNUSED_FUNCTION = YES;
				GCC_WARN_UNUSED_VARIABLE = YES;
				IPHONEOS_DEPLOYMENT_TARGET = 10.2;
				MTL_ENABLE_DEBUG_INFO = NO;
				SDKROOT = iphoneos;
				SWIFT_OPTIMIZATION_LEVEL = "-Owholemodule";
				VALIDATE_PRODUCT = YES;
			};
			name = Release;
		};
		B5161A341E24FDA9005DED85 /* Debug */ = {
			isa = XCBuildConfiguration;
			buildSettings = {
				ASSETCATALOG_COMPILER_APPICON_NAME = AppIcon;
				DEVELOPMENT_TEAM = T5B638TRM6;
				INFOPLIST_FILE = TechPod/Info.plist;
				LD_RUNPATH_SEARCH_PATHS = "$(inherited) @executable_path/Frameworks";
				PRODUCT_BUNDLE_IDENTIFIER = com.litech.TechPod;
				PRODUCT_NAME = "$(TARGET_NAME)";
				SWIFT_VERSION = 3.0;
			};
			name = Debug;
		};
		B5161A351E24FDA9005DED85 /* Release */ = {
			isa = XCBuildConfiguration;
			buildSettings = {
				ASSETCATALOG_COMPILER_APPICON_NAME = AppIcon;
				DEVELOPMENT_TEAM = T5B638TRM6;
				INFOPLIST_FILE = TechPod/Info.plist;
				LD_RUNPATH_SEARCH_PATHS = "$(inherited) @executable_path/Frameworks";
				PRODUCT_BUNDLE_IDENTIFIER = com.litech.TechPod;
				PRODUCT_NAME = "$(TARGET_NAME)";
				SWIFT_VERSION = 3.0;
			};
			name = Release;
		};
/* End XCBuildConfiguration section */

/* Begin XCConfigurationList section */
		B5161A1C1E24FDA9005DED85 /* Build configuration list for PBXProject "TechPod" */ = {
			isa = XCConfigurationList;
			buildConfigurations = (
				B5161A311E24FDA9005DED85 /* Debug */,
				B5161A321E24FDA9005DED85 /* Release */,
			);
			defaultConfigurationIsVisible = 0;
			defaultConfigurationName = Release;
		};
		B5161A331E24FDA9005DED85 /* Build configuration list for PBXNativeTarget "TechPod" */ = {
			isa = XCConfigurationList;
			buildConfigurations = (
				B5161A341E24FDA9005DED85 /* Debug */,
				B5161A351E24FDA9005DED85 /* Release */,
			);
			defaultConfigurationIsVisible = 0;
			defaultConfigurationName = Release;
		};
/* End XCConfigurationList section */
	};
	rootObject = B5161A191E24FDA9005DED85 /* Project object */;
}
